// !$*UTF8*$!
{
	archiveVersion = 1;
	classes = {
	};
	objectVersion = 50;
	objects = {

/* Begin PBXBuildFile section */
		1811582C2091E89800DF4C03 /* AppDelegate.swift in Sources */ = {isa = PBXBuildFile; fileRef = 1811582B2091E89800DF4C03 /* AppDelegate.swift */; };
		1811582E2091E89800DF4C03 /* ViewController.swift in Sources */ = {isa = PBXBuildFile; fileRef = 1811582D2091E89800DF4C03 /* ViewController.swift */; };
		181158312091E89800DF4C03 /* Main.storyboard in Resources */ = {isa = PBXBuildFile; fileRef = 1811582F2091E89800DF4C03 /* Main.storyboard */; };
		181158332091E89A00DF4C03 /* Assets.xcassets in Resources */ = {isa = PBXBuildFile; fileRef = 181158322091E89A00DF4C03 /* Assets.xcassets */; };
		181158362091E89A00DF4C03 /* LaunchScreen.storyboard in Resources */ = {isa = PBXBuildFile; fileRef = 181158342091E89A00DF4C03 /* LaunchScreen.storyboard */; };
		1811583F2091ED9600DF4C03 /* CustomCell.swift in Sources */ = {isa = PBXBuildFile; fileRef = 1811583E2091ED9600DF4C03 /* CustomCell.swift */; };
		181158412092140A00DF4C03 /* CalendarHeader.swift in Sources */ = {isa = PBXBuildFile; fileRef = 181158402092140A00DF4C03 /* CalendarHeader.swift */; };
		FACDE6996355299AB3B650AB /* Pods_JTAppleCalendarDemo.framework in Frameworks */ = {isa = PBXBuildFile; fileRef = BA5C260501A649BBA9E61EE5 /* Pods_JTAppleCalendarDemo.framework */; };
/* End PBXBuildFile section */

/* Begin PBXFileReference section */
		181158282091E89800DF4C03 /* JTAppleCalendarDemo.app */ = {isa = PBXFileReference; explicitFileType = wrapper.application; includeInIndex = 0; path = JTAppleCalendarDemo.app; sourceTree = BUILT_PRODUCTS_DIR; };
		1811582B2091E89800DF4C03 /* AppDelegate.swift */ = {isa = PBXFileReference; lastKnownFileType = sourcecode.swift; path = AppDelegate.swift; sourceTree = "<group>"; };
		1811582D2091E89800DF4C03 /* ViewController.swift */ = {isa = PBXFileReference; lastKnownFileType = sourcecode.swift; path = ViewController.swift; sourceTree = "<group>"; };
		181158302091E89800DF4C03 /* Base */ = {isa = PBXFileReference; lastKnownFileType = file.storyboard; name = Base; path = Base.lproj/Main.storyboard; sourceTree = "<group>"; };
		181158322091E89A00DF4C03 /* Assets.xcassets */ = {isa = PBXFileReference; lastKnownFileType = folder.assetcatalog; path = Assets.xcassets; sourceTree = "<group>"; };
		181158352091E89A00DF4C03 /* Base */ = {isa = PBXFileReference; lastKnownFileType = file.storyboard; name = Base; path = Base.lproj/LaunchScreen.storyboard; sourceTree = "<group>"; };
		181158372091E89A00DF4C03 /* Info.plist */ = {isa = PBXFileReference; lastKnownFileType = text.plist.xml; path = Info.plist; sourceTree = "<group>"; };
		1811583E2091ED9600DF4C03 /* CustomCell.swift */ = {isa = PBXFileReference; lastKnownFileType = sourcecode.swift; path = CustomCell.swift; sourceTree = "<group>"; };
		181158402092140A00DF4C03 /* CalendarHeader.swift */ = {isa = PBXFileReference; lastKnownFileType = sourcecode.swift; path = CalendarHeader.swift; sourceTree = "<group>"; };
		56EB0B98337E32C6CA8F5101 /* Pods-JTAppleCalendarDemo.release.xcconfig */ = {isa = PBXFileReference; includeInIndex = 1; lastKnownFileType = text.xcconfig; name = "Pods-JTAppleCalendarDemo.release.xcconfig"; path = "Pods/Target Support Files/Pods-JTAppleCalendarDemo/Pods-JTAppleCalendarDemo.release.xcconfig"; sourceTree = "<group>"; };
		7893651E394B78B509103747 /* Pods-JTAppleCalendarDemo.debug.xcconfig */ = {isa = PBXFileReference; includeInIndex = 1; lastKnownFileType = text.xcconfig; name = "Pods-JTAppleCalendarDemo.debug.xcconfig"; path = "Pods/Target Support Files/Pods-JTAppleCalendarDemo/Pods-JTAppleCalendarDemo.debug.xcconfig"; sourceTree = "<group>"; };
		BA5C260501A649BBA9E61EE5 /* Pods_JTAppleCalendarDemo.framework */ = {isa = PBXFileReference; explicitFileType = wrapper.framework; includeInIndex = 0; path = Pods_JTAppleCalendarDemo.framework; sourceTree = BUILT_PRODUCTS_DIR; };
/* End PBXFileReference section */

/* Begin PBXFrameworksBuildPhase section */
		181158252091E89800DF4C03 /* Frameworks */ = {
			isa = PBXFrameworksBuildPhase;
			buildActionMask = 2147483647;
			files = (
				FACDE6996355299AB3B650AB /* Pods_JTAppleCalendarDemo.framework in Frameworks */,
			);
			runOnlyForDeploymentPostprocessing = 0;
		};
/* End PBXFrameworksBuildPhase section */

/* Begin PBXGroup section */
		1811581F2091E89800DF4C03 = {
			isa = PBXGroup;
			children = (
				1811582A2091E89800DF4C03 /* JTAppleCalendarDemo */,
				181158292091E89800DF4C03 /* Products */,
				3F0D9D4D5434FB5BCE8D9226 /* Pods */,
				182C3020C234BB75B9680F31 /* Frameworks */,
			);
			sourceTree = "<group>";
		};
		181158292091E89800DF4C03 /* Products */ = {
			isa = PBXGroup;
			children = (
				181158282091E89800DF4C03 /* JTAppleCalendarDemo.app */,
			);
			name = Products;
			sourceTree = "<group>";
		};
		1811582A2091E89800DF4C03 /* JTAppleCalendarDemo */ = {
			isa = PBXGroup;
			children = (
				1811583D2091EA8300DF4C03 /* Cells */,
				1811582B2091E89800DF4C03 /* AppDelegate.swift */,
				1811582D2091E89800DF4C03 /* ViewController.swift */,
				1811582F2091E89800DF4C03 /* Main.storyboard */,
				181158322091E89A00DF4C03 /* Assets.xcassets */,
				181158342091E89A00DF4C03 /* LaunchScreen.storyboard */,
				181158372091E89A00DF4C03 /* Info.plist */,
			);
			path = JTAppleCalendarDemo;
			sourceTree = "<group>";
		};
		1811583D2091EA8300DF4C03 /* Cells */ = {
			isa = PBXGroup;
			children = (
				1811583E2091ED9600DF4C03 /* CustomCell.swift */,
				181158402092140A00DF4C03 /* CalendarHeader.swift */,
			);
			path = Cells;
			sourceTree = "<group>";
		};
		182C3020C234BB75B9680F31 /* Frameworks */ = {
			isa = PBXGroup;
			children = (
				BA5C260501A649BBA9E61EE5 /* Pods_JTAppleCalendarDemo.framework */,
			);
			name = Frameworks;
			sourceTree = "<group>";
		};
		3F0D9D4D5434FB5BCE8D9226 /* Pods */ = {
			isa = PBXGroup;
			children = (
				7893651E394B78B509103747 /* Pods-JTAppleCalendarDemo.debug.xcconfig */,
				56EB0B98337E32C6CA8F5101 /* Pods-JTAppleCalendarDemo.release.xcconfig */,
			);
			name = Pods;
			sourceTree = "<group>";
		};
/* End PBXGroup section */

/* Begin PBXNativeTarget section */
		181158272091E89800DF4C03 /* JTAppleCalendarDemo */ = {
			isa = PBXNativeTarget;
			buildConfigurationList = 1811583A2091E89A00DF4C03 /* Build configuration list for PBXNativeTarget "JTAppleCalendarDemo" */;
			buildPhases = (
				0B11638CEA87554EBFDE719B /* [CP] Check Pods Manifest.lock */,
				181158242091E89800DF4C03 /* Sources */,
				181158252091E89800DF4C03 /* Frameworks */,
				181158262091E89800DF4C03 /* Resources */,
				651FDC4F0F6FC5D70D59B3BA /* [CP] Embed Pods Frameworks */,
				CAE77F6AC8FF27C63A5C9F36 /* [CP] Copy Pods Resources */,
			);
			buildRules = (
			);
			dependencies = (
			);
			name = JTAppleCalendarDemo;
			productName = JTAppleCalendarDemo;
			productReference = 181158282091E89800DF4C03 /* JTAppleCalendarDemo.app */;
			productType = "com.apple.product-type.application";
		};
/* End PBXNativeTarget section */

/* Begin PBXProject section */
		181158202091E89800DF4C03 /* Project object */ = {
			isa = PBXProject;
			attributes = {
				LastSwiftUpdateCheck = 0930;
				LastUpgradeCheck = 0930;
				ORGANIZATIONNAME = "Yasheed Muhammed";
				TargetAttributes = {
					181158272091E89800DF4C03 = {
						CreatedOnToolsVersion = 9.3;
					};
				};
			};
			buildConfigurationList = 181158232091E89800DF4C03 /* Build configuration list for PBXProject "JTAppleCalendarDemo" */;
			compatibilityVersion = "Xcode 9.3";
			developmentRegion = en;
			hasScannedForEncodings = 0;
			knownRegions = (
				en,
				Base,
			);
			mainGroup = 1811581F2091E89800DF4C03;
			productRefGroup = 181158292091E89800DF4C03 /* Products */;
			projectDirPath = "";
			projectRoot = "";
			targets = (
				181158272091E89800DF4C03 /* JTAppleCalendarDemo */,
			);
		};
/* End PBXProject section */

/* Begin PBXResourcesBuildPhase section */
		181158262091E89800DF4C03 /* Resources */ = {
			isa = PBXResourcesBuildPhase;
			buildActionMask = 2147483647;
			files = (
				181158362091E89A00DF4C03 /* LaunchScreen.storyboard in Resources */,
				181158332091E89A00DF4C03 /* Assets.xcassets in Resources */,
				181158312091E89800DF4C03 /* Main.storyboard in Resources */,
			);
			runOnlyForDeploymentPostprocessing = 0;
		};
/* End PBXResourcesBuildPhase section */

/* Begin PBXShellScriptBuildPhase section */
		0B11638CEA87554EBFDE719B /* [CP] Check Pods Manifest.lock */ = {
			isa = PBXShellScriptBuildPhase;
			buildActionMask = 2147483647;
			files = (
			);
			inputPaths = (
				"${PODS_PODFILE_DIR_PATH}/Podfile.lock",
				"${PODS_ROOT}/Manifest.lock",
			);
			name = "[CP] Check Pods Manifest.lock";
			outputPaths = (
				"$(DERIVED_FILE_DIR)/Pods-JTAppleCalendarDemo-checkManifestLockResult.txt",
			);
			runOnlyForDeploymentPostprocessing = 0;
			shellPath = /bin/sh;
			shellScript = "diff \"${PODS_PODFILE_DIR_PATH}/Podfile.lock\" \"${PODS_ROOT}/Manifest.lock\" > /dev/null\nif [ $? != 0 ] ; then\n    # print error to STDERR\n    echo \"error: The sandbox is not in sync with the Podfile.lock. Run 'pod install' or update your CocoaPods installation.\" >&2\n    exit 1\nfi\n# This output is used by Xcode 'outputs' to avoid re-running this script phase.\necho \"SUCCESS\" > \"${SCRIPT_OUTPUT_FILE_0}\"\n";
			showEnvVarsInLog = 0;
		};
		651FDC4F0F6FC5D70D59B3BA /* [CP] Embed Pods Frameworks */ = {
			isa = PBXShellScriptBuildPhase;
			buildActionMask = 2147483647;
			files = (
			);
			inputPaths = (
				"${SRCROOT}/Pods/Target Support Files/Pods-JTAppleCalendarDemo/Pods-JTAppleCalendarDemo-frameworks.sh",
				"${BUILT_PRODUCTS_DIR}/JTAppleCalendar/JTAppleCalendar.framework",
			);
			name = "[CP] Embed Pods Frameworks";
			outputPaths = (
				"${TARGET_BUILD_DIR}/${FRAMEWORKS_FOLDER_PATH}/JTAppleCalendar.framework",
			);
			runOnlyForDeploymentPostprocessing = 0;
			shellPath = /bin/sh;
			shellScript = "\"${SRCROOT}/Pods/Target Support Files/Pods-JTAppleCalendarDemo/Pods-JTAppleCalendarDemo-frameworks.sh\"\n";
			showEnvVarsInLog = 0;
		};
		CAE77F6AC8FF27C63A5C9F36 /* [CP] Copy Pods Resources */ = {
			isa = PBXShellScriptBuildPhase;
			buildActionMask = 2147483647;
			files = (
			);
			inputPaths = (
			);
			name = "[CP] Copy Pods Resources";
			outputPaths = (
			);
			runOnlyForDeploymentPostprocessing = 0;
			shellPath = /bin/sh;
			shellScript = "\"${SRCROOT}/Pods/Target Support Files/Pods-JTAppleCalendarDemo/Pods-JTAppleCalendarDemo-resources.sh\"\n";
			showEnvVarsInLog = 0;
		};
/* End PBXShellScriptBuildPhase section */

/* Begin PBXSourcesBuildPhase section */
		181158242091E89800DF4C03 /* Sources */ = {
			isa = PBXSourcesBuildPhase;
			buildActionMask = 2147483647;
			files = (
				1811582E2091E89800DF4C03 /* ViewController.swift in Sources */,
				1811583F2091ED9600DF4C03 /* CustomCell.swift in Sources */,
				181158412092140A00DF4C03 /* CalendarHeader.swift in Sources */,
				1811582C2091E89800DF4C03 /* AppDelegate.swift in Sources */,
			);
			runOnlyForDeploymentPostprocessing = 0;
		};
/* End PBXSourcesBuildPhase section */

/* Begin PBXVariantGroup section */
		1811582F2091E89800DF4C03 /* Main.storyboard */ = {
			isa = PBXVariantGroup;
			children = (
				181158302091E89800DF4C03 /* Base */,
			);
			name = Main.storyboard;
			sourceTree = "<group>";
		};
		181158342091E89A00DF4C03 /* LaunchScreen.storyboard */ = {
			isa = PBXVariantGroup;
			children = (
				181158352091E89A00DF4C03 /* Base */,
			);
			name = LaunchScreen.storyboard;
			sourceTree = "<group>";
		};
/* End PBXVariantGroup section */

/* Begin XCBuildConfiguration section */
		181158382091E89A00DF4C03 /* Debug */ = {
			isa = XCBuildConfiguration;
			buildSettings = {
				ALWAYS_SEARCH_USER_PATHS = NO;
				CLANG_ANALYZER_NONNULL = YES;
				CLANG_ANALYZER_NUMBER_OBJECT_CONVERSION = YES_AGGRESSIVE;
				CLANG_CXX_LANGUAGE_STANDARD = "gnu++14";
				CLANG_CXX_LIBRARY = "libc++";
				CLANG_ENABLE_MODULES = YES;
				CLANG_ENABLE_OBJC_ARC = YES;
				CLANG_ENABLE_OBJC_WEAK = YES;
				CLANG_WARN_BLOCK_CAPTURE_AUTORELEASING = YES;
				CLANG_WARN_BOOL_CONVERSION = YES;
				CLANG_WARN_COMMA = YES;
				CLANG_WARN_CONSTANT_CONVERSION = YES;
				CLANG_WARN_DEPRECATED_OBJC_IMPLEMENTATIONS = YES;
				CLANG_WARN_DIRECT_OBJC_ISA_USAGE = YES_ERROR;
				CLANG_WARN_DOCUMENTATION_COMMENTS = YES;
				CLANG_WARN_EMPTY_BODY = YES;
				CLANG_WARN_ENUM_CONVERSION = YES;
				CLANG_WARN_INFINITE_RECURSION = YES;
				CLANG_WARN_INT_CONVERSION = YES;
				CLANG_WARN_NON_LITERAL_NULL_CONVERSION = YES;
				CLANG_WARN_OBJC_IMPLICIT_RETAIN_SELF = YES;
				CLANG_WARN_OBJC_LITERAL_CONVERSION = YES;
				CLANG_WARN_OBJC_ROOT_CLASS = YES_ERROR;
				CLANG_WARN_RANGE_LOOP_ANALYSIS = YES;
				CLANG_WARN_STRICT_PROTOTYPES = YES;
				CLANG_WARN_SUSPICIOUS_MOVE = YES;
				CLANG_WARN_UNGUARDED_AVAILABILITY = YES_AGGRESSIVE;
				CLANG_WARN_UNREACHABLE_CODE = YES;
				CLANG_WARN__DUPLICATE_METHOD_MATCH = YES;
				CODE_SIGN_IDENTITY = "iPhone Developer";
				COPY_PHASE_STRIP = NO;
				DEBUG_INFORMATION_FORMAT = dwarf;
				ENABLE_STRICT_OBJC_MSGSEND = YES;
				ENABLE_TESTABILITY = YES;
				GCC_C_LANGUAGE_STANDARD = gnu11;
				GCC_DYNAMIC_NO_PIC = NO;
				GCC_NO_COMMON_BLOCKS = YES;
				GCC_OPTIMIZATION_LEVEL = 0;
				GCC_PREPROCESSOR_DEFINITIONS = (
					"DEBUG=1",
					"$(inherited)",
				);
				GCC_WARN_64_TO_32_BIT_CONVERSION = YES;
				GCC_WARN_ABOUT_RETURN_TYPE = YES_ERROR;
				GCC_WARN_UNDECLARED_SELECTOR = YES;
				GCC_WARN_UNINITIALIZED_AUTOS = YES_AGGRESSIVE;
				GCC_WARN_UNUSED_FUNCTION = YES;
				GCC_WARN_UNUSED_VARIABLE = YES;
				IPHONEOS_DEPLOYMENT_TARGET = 11.3;
				MTL_ENABLE_DEBUG_INFO = YES;
				ONLY_ACTIVE_ARCH = YES;
				SDKROOT = iphoneos;
				SWIFT_ACTIVE_COMPILATION_CONDITIONS = DEBUG;
				SWIFT_OPTIMIZATION_LEVEL = "-Onone";
			};
			name = Debug;
		};
		181158392091E89A00DF4C03 /* Release */ = {
			isa = XCBuildConfiguration;
			buildSettings = {
				ALWAYS_SEARCH_USER_PATHS = NO;
				CLANG_ANALYZER_NONNULL = YES;
				CLANG_ANALYZER_NUMBER_OBJECT_CONVERSION = YES_AGGRESSIVE;
				CLANG_CXX_LANGUAGE_STANDARD = "gnu++14";
				CLANG_CXX_LIBRARY = "libc++";
				CLANG_ENABLE_MODULES = YES;
				CLANG_ENABLE_OBJC_ARC = YES;
				CLANG_ENABLE_OBJC_WEAK = YES;
				CLANG_WARN_BLOCK_CAPTURE_AUTORELEASING = YES;
				CLANG_WARN_BOOL_CONVERSION = YES;
				CLANG_WARN_COMMA = YES;
				CLANG_WARN_CONSTANT_CONVERSION = YES;
				CLANG_WARN_DEPRECATED_OBJC_IMPLEMENTATIONS = YES;
				CLANG_WARN_DIRECT_OBJC_ISA_USAGE = YES_ERROR;
				CLANG_WARN_DOCUMENTATION_COMMENTS = YES;
				CLANG_WARN_EMPTY_BODY = YES;
				CLANG_WARN_ENUM_CONVERSION = YES;
				CLANG_WARN_INFINITE_RECURSION = YES;
				CLANG_WARN_INT_CONVERSION = YES;
				CLANG_WARN_NON_LITERAL_NULL_CONVERSION = YES;
				CLANG_WARN_OBJC_IMPLICIT_RETAIN_SELF = YES;
				CLANG_WARN_OBJC_LITERAL_CONVERSION = YES;
				CLANG_WARN_OBJC_ROOT_CLASS = YES_ERROR;
				CLANG_WARN_RANGE_LOOP_ANALYSIS = YES;
				CLANG_WARN_STRICT_PROTOTYPES = YES;
				CLANG_WARN_SUSPICIOUS_MOVE = YES;
				CLANG_WARN_UNGUARDED_AVAILABILITY = YES_AGGRESSIVE;
				CLANG_WARN_UNREACHABLE_CODE = YES;
				CLANG_WARN__DUPLICATE_METHOD_MATCH = YES;
				CODE_SIGN_IDENTITY = "iPhone Developer";
				COPY_PHASE_STRIP = NO;
				DEBUG_INFORMATION_FORMAT = "dwarf-with-dsym";
				ENABLE_NS_ASSERTIONS = NO;
				ENABLE_STRICT_OBJC_MSGSEND = YES;
				GCC_C_LANGUAGE_STANDARD = gnu11;
				GCC_NO_COMMON_BLOCKS = YES;
				GCC_WARN_64_TO_32_BIT_CONVERSION = YES;
				GCC_WARN_ABOUT_RETURN_TYPE = YES_ERROR;
				GCC_WARN_UNDECLARED_SELECTOR = YES;
				GCC_WARN_UNINITIALIZED_AUTOS = YES_AGGRESSIVE;
				GCC_WARN_UNUSED_FUNCTION = YES;
				GCC_WARN_UNUSED_VARIABLE = YES;
				IPHONEOS_DEPLOYMENT_TARGET = 11.3;
				MTL_ENABLE_DEBUG_INFO = NO;
				SDKROOT = iphoneos;
				SWIFT_COMPILATION_MODE = wholemodule;
				SWIFT_OPTIMIZATION_LEVEL = "-O";
				VALIDATE_PRODUCT = YES;
			};
			name = Release;
		};
		1811583B2091E89A00DF4C03 /* Debug */ = {
			isa = XCBuildConfiguration;
			baseConfigurationReference = 7893651E394B78B509103747 /* Pods-JTAppleCalendarDemo.debug.xcconfig */;
			buildSettings = {
				ASSETCATALOG_COMPILER_APPICON_NAME = AppIcon;
				CODE_SIGN_STYLE = Automatic;
				DEVELOPMENT_TEAM = 5PKL236E68;
				INFOPLIST_FILE = JTAppleCalendarDemo/Info.plist;
				LD_RUNPATH_SEARCH_PATHS = (
					"$(inherited)",
					"@executable_path/Frameworks",
				);
				PRODUCT_BUNDLE_IDENTIFIER = com.tpc.JTAppleCalendarDemo;
				PRODUCT_NAME = "$(TARGET_NAME)";
				SWIFT_VERSION = 4.0;
				TARGETED_DEVICE_FAMILY = "1,2";
			};
			name = Debug;
		};
		1811583C2091E89A00DF4C03 /* Release */ = {
			isa = XCBuildConfiguration;
			baseConfigurationReference = 56EB0B98337E32C6CA8F5101 /* Pods-JTAppleCalendarDemo.release.xcconfig */;
			buildSettings = {
				ASSETCATALOG_COMPILER_APPICON_NAME = AppIcon;
				CODE_SIGN_STYLE = Automatic;
				DEVELOPMENT_TEAM = 5PKL236E68;
				INFOPLIST_FILE = JTAppleCalendarDemo/Info.plist;
				LD_RUNPATH_SEARCH_PATHS = (
					"$(inherited)",
					"@executable_path/Frameworks",
				);
				PRODUCT_BUNDLE_IDENTIFIER = com.tpc.JTAppleCalendarDemo;
				PRODUCT_NAME = "$(TARGET_NAME)";
				SWIFT_VERSION = 4.0;
				TARGETED_DEVICE_FAMILY = "1,2";
			};
			name = Release;
		};
/* End XCBuildConfiguration section */

/* Begin XCConfigurationList section */
		181158232091E89800DF4C03 /* Build configuration list for PBXProject "JTAppleCalendarDemo" */ = {
			isa = XCConfigurationList;
			buildConfigurations = (
				181158382091E89A00DF4C03 /* Debug */,
				181158392091E89A00DF4C03 /* Release */,
			);
			defaultConfigurationIsVisible = 0;
			defaultConfigurationName = Release;
		};
		1811583A2091E89A00DF4C03 /* Build configuration list for PBXNativeTarget "JTAppleCalendarDemo" */ = {
			isa = XCConfigurationList;
			buildConfigurations = (
				1811583B2091E89A00DF4C03 /* Debug */,
				1811583C2091E89A00DF4C03 /* Release */,
			);
			defaultConfigurationIsVisible = 0;
			defaultConfigurationName = Release;
		};
/* End XCConfigurationList section */
	};
	rootObject = 181158202091E89800DF4C03 /* Project object */;
}
